
Microsoft Visual Studio Solution File, Format Version 12.00
# Visual Studio Version 16
VisualStudioVersion = 16.0.30104.148
MinimumVisualStudioVersion = 10.0.40219.1
Project("{FAE04EC0-301F-11D3-BF4B-00C04F79EFBC}") = "AWS-Assignment02", "AWS-Assignment02\AWS-Assignment02.csproj", "{4391375E-4C27-45EB-919E-ABC5C4323152}"
EndProject
Global
	GlobalSection(SolutionConfigurationPlatforms) = preSolution
		Debug|Any CPU = Debug|Any CPU
		Release|Any CPU = Release|Any CPU
	EndGlobalSection
	GlobalSection(ProjectConfigurationPlatforms) = postSolution
		{4391375E-4C27-45EB-919E-ABC5C4323152}.Debug|Any CPU.ActiveCfg = Debug|Any CPU
		{4391375E-4C27-45EB-919E-ABC5C4323152}.Debug|Any CPU.Build.0 = Debug|Any CPU
		{4391375E-4C27-45EB-919E-ABC5C4323152}.Release|Any CPU.ActiveCfg = Release|Any CPU
		{4391375E-4C27-45EB-919E-ABC5C4323152}.Release|Any CPU.Build.0 = Release|Any CPU
	EndGlobalSection
	GlobalSection(SolutionProperties) = preSolution
		HideSolutionNode = FALSE
	EndGlobalSection
	GlobalSection(ExtensibilityGlobals) = postSolution
		SolutionGuid = {CCD0A070-D3B7-43F3-8E4B-A4F6CF17AB2B}
	EndGlobalSection
EndGlobal
